
Microsoft Visual Studio Solution File, Format Version 12.00
# Visual Studio Version 16
VisualStudioVersion = 16.0.32413.511
MinimumVisualStudioVersion = 10.0.40219.1
Project("{9A19103F-16F7-4668-BE54-9A1E7A4F7556}") = "ConsoleApp", "ConsoleApp\ConsoleApp.csproj", "{7A3A9D9B-296B-4B1D-A6F0-B86889BDB0C7}"
EndProject
Project("{9A19103F-16F7-4668-BE54-9A1E7A4F7556}") = "DAL", "DAL\DAL.csproj", "{1352EA13-580C-4B9F-9AF3-5DF08277C2D1}"
EndProject
Project("{9A19103F-16F7-4668-BE54-9A1E7A4F7556}") = "WebApplication", "WebApplication\WebApplication.csproj", "{D6F9A5ED-753D-48C7-A1BC-C032A95687F1}"
EndProject
Project("{9A19103F-16F7-4668-BE54-9A1E7A4F7556}") = "Models", "Models\Models.csproj", "{2BFB345F-7C7F-461C-B1B5-36557233D975}"
EndProject
Project("{FAE04EC0-301F-11D3-BF4B-00C04F79EFBC}") = "Services.Interfaces", "Services.Interfaces\Services.Interfaces.csproj", "{CE02F578-D7DB-4018-A63A-68D8DE442B60}"
EndProject
Project("{FAE04EC0-301F-11D3-BF4B-00C04F79EFBC}") = "DAL.dbFirst", "DAL.dbFirst\DAL.dbFirst.csproj", "{3333681D-D326-451B-9ABD-63F299570359}"
EndProject
Project("{FAE04EC0-301F-11D3-BF4B-00C04F79EFBC}") = "ConsoleApp.dbFIrst", "ConsoleApp.dbFIrst\ConsoleApp.dbFIrst.csproj", "{34713C21-CEBF-4FB3-91A0-7E4EE28015A6}"
EndProject
Global
	GlobalSection(SolutionConfigurationPlatforms) = preSolution
		Debug|Any CPU = Debug|Any CPU
		Release|Any CPU = Release|Any CPU
	EndGlobalSection
	GlobalSection(ProjectConfigurationPlatforms) = postSolution
		{7A3A9D9B-296B-4B1D-A6F0-B86889BDB0C7}.Debug|Any CPU.ActiveCfg = Debug|Any CPU
		{7A3A9D9B-296B-4B1D-A6F0-B86889BDB0C7}.Debug|Any CPU.Build.0 = Debug|Any CPU
		{7A3A9D9B-296B-4B1D-A6F0-B86889BDB0C7}.Release|Any CPU.ActiveCfg = Release|Any CPU
		{7A3A9D9B-296B-4B1D-A6F0-B86889BDB0C7}.Release|Any CPU.Build.0 = Release|Any CPU
		{1352EA13-580C-4B9F-9AF3-5DF08277C2D1}.Debug|Any CPU.ActiveCfg = Debug|Any CPU
		{1352EA13-580C-4B9F-9AF3-5DF08277C2D1}.Debug|Any CPU.Build.0 = Debug|Any CPU
		{1352EA13-580C-4B9F-9AF3-5DF08277C2D1}.Release|Any CPU.ActiveCfg = Release|Any CPU
		{1352EA13-580C-4B9F-9AF3-5DF08277C2D1}.Release|Any CPU.Build.0 = Release|Any CPU
		{D6F9A5ED-753D-48C7-A1BC-C032A95687F1}.Debug|Any CPU.ActiveCfg = Debug|Any CPU
		{D6F9A5ED-753D-48C7-A1BC-C032A95687F1}.Debug|Any CPU.Build.0 = Debug|Any CPU
		{D6F9A5ED-753D-48C7-A1BC-C032A95687F1}.Release|Any CPU.ActiveCfg = Release|Any CPU
		{D6F9A5ED-753D-48C7-A1BC-C032A95687F1}.Release|Any CPU.Build.0 = Release|Any CPU
		{2BFB345F-7C7F-461C-B1B5-36557233D975}.Debug|Any CPU.ActiveCfg = Debug|Any CPU
		{2BFB345F-7C7F-461C-B1B5-36557233D975}.Debug|Any CPU.Build.0 = Debug|Any CPU
		{2BFB345F-7C7F-461C-B1B5-36557233D975}.Release|Any CPU.ActiveCfg = Release|Any CPU
		{2BFB345F-7C7F-461C-B1B5-36557233D975}.Release|Any CPU.Build.0 = Release|Any CPU
		{CE02F578-D7DB-4018-A63A-68D8DE442B60}.Debug|Any CPU.ActiveCfg = Debug|Any CPU
		{CE02F578-D7DB-4018-A63A-68D8DE442B60}.Debug|Any CPU.Build.0 = Debug|Any CPU
		{CE02F578-D7DB-4018-A63A-68D8DE442B60}.Release|Any CPU.ActiveCfg = Release|Any CPU
		{CE02F578-D7DB-4018-A63A-68D8DE442B60}.Release|Any CPU.Build.0 = Release|Any CPU
		{3333681D-D326-451B-9ABD-63F299570359}.Debug|Any CPU.ActiveCfg = Debug|Any CPU
		{3333681D-D326-451B-9ABD-63F299570359}.Debug|Any CPU.Build.0 = Debug|Any CPU
		{3333681D-D326-451B-9ABD-63F299570359}.Release|Any CPU.ActiveCfg = Release|Any CPU
		{3333681D-D326-451B-9ABD-63F299570359}.Release|Any CPU.Build.0 = Release|Any CPU
		{34713C21-CEBF-4FB3-91A0-7E4EE28015A6}.Debug|Any CPU.ActiveCfg = Debug|Any CPU
		{34713C21-CEBF-4FB3-91A0-7E4EE28015A6}.Debug|Any CPU.Build.0 = Debug|Any CPU
		{34713C21-CEBF-4FB3-91A0-7E4EE28015A6}.Release|Any CPU.ActiveCfg = Release|Any CPU
		{34713C21-CEBF-4FB3-91A0-7E4EE28015A6}.Release|Any CPU.Build.0 = Release|Any CPU
	EndGlobalSection
	GlobalSection(SolutionProperties) = preSolution
		HideSolutionNode = FALSE
	EndGlobalSection
	GlobalSection(ExtensibilityGlobals) = postSolution
		SolutionGuid = {680B9B5E-2DAF-4BE2-939D-983E9406B573}
	EndGlobalSection
EndGlobal
